{
  "originHash" : "7c262c2c079fcdc058b22aa56c31309115f995c68a48985b471d1912143e109c",
  "pins" : [
    {
      "identity" : "tomlkit",
      "kind" : "remoteSourceControl",
      "location" : "https://github.com/LebJe/TOMLKit.git",
      "state" : {
        "revision" : "ec6198d37d495efc6acd4dffbd262cdca7ff9b3f",
        "version" : "0.6.0"
      }
    },
    {
      "identity" : "yams",
      "kind" : "remoteSourceControl",
      "location" : "https://github.com/jpsim/Yams.git",
      "state" : {
        "revision" : "a27b21e0c81c5bf42049b897a62aaf387e80f279",
        "version" : "6.2.2"
      }
    }
  ],
  "version" : 3
}
